
Microsoft Visual Studio Solution File, Format Version 12.00
# Visual Studio Version 17
VisualStudioVersion = 17.1.32228.430
MinimumVisualStudioVersion = 10.0.40219.1
Project("{9A19103F-16F7-4668-BE54-9A1E7A4F7556}") = "SalaryCalculation", "SalaryCalculation\SalaryCalculation.csproj", "{98E065CF-0530-453C-90E3-B2B3CD0FF629}"
EndProject
Project("{9A19103F-16F7-4668-BE54-9A1E7A4F7556}") = "Common", "Common\Common.csproj", "{9795788F-5A88-4AF5-8182-88327C96752F}"
EndProject
Project("{9A19103F-16F7-4668-BE54-9A1E7A4F7556}") = "Data", "Data\Data.csproj", "{6D097061-AB6E-43FE-AB88-FC0E297FE11F}"
EndProject
Project("{9A19103F-16F7-4668-BE54-9A1E7A4F7556}") = "Entities", "Entities\Entities.csproj", "{33A56A97-89EB-444D-877D-75C38F67F5AE}"
EndProject
Project("{9A19103F-16F7-4668-BE54-9A1E7A4F7556}") = "Service", "Service\Service.csproj", "{CF6DB760-065F-4177-B4E0-78B05321E25B}"
EndProject
Project("{9A19103F-16F7-4668-BE54-9A1E7A4F7556}") = "WebFramework", "WebFramework\WebFramework.csproj", "{BB482018-07FD-43BF-A919-6EEAFBD44CB3}"
EndProject
Project("{9A19103F-16F7-4668-BE54-9A1E7A4F7556}") = "Application", "Application\Application.csproj", "{3F268E49-E3EE-43FA-9F09-731E359AF9B9}"
EndProject
Project("{9A19103F-16F7-4668-BE54-9A1E7A4F7556}") = "Dto", "Dto\Dto.csproj", "{B33B89D5-1E01-4066-A264-4DE0B3AA9B3D}"
EndProject
Project("{9A19103F-16F7-4668-BE54-9A1E7A4F7556}") = "Mapper", "Mapper\Mapper.csproj", "{DDA6BEB3-B8C9-409A-AFD6-FB933AFD40CE}"
EndProject
Project("{2150E333-8FDC-42A3-9474-1A3956D46DE8}") = "src", "src", "{6C2DAA68-DA58-496B-A55F-CE84FD828875}"
EndProject
Project("{2150E333-8FDC-42A3-9474-1A3956D46DE8}") = "Test", "Test", "{13535AFE-6FD3-4C8E-810B-EC183C47BD5B}"
EndProject
Project("{FAE04EC0-301F-11D3-BF4B-00C04F79EFBC}") = "SalaryCalculationTest", "TestProject1\SalaryCalculationTest.csproj", "{C48A3CA9-9BEE-4AF0-8478-5176179CDB39}"
EndProject
Global
	GlobalSection(SolutionConfigurationPlatforms) = preSolution
		Debug|Any CPU = Debug|Any CPU
		Release|Any CPU = Release|Any CPU
	EndGlobalSection
	GlobalSection(ProjectConfigurationPlatforms) = postSolution
		{98E065CF-0530-453C-90E3-B2B3CD0FF629}.Debug|Any CPU.ActiveCfg = Debug|Any CPU
		{98E065CF-0530-453C-90E3-B2B3CD0FF629}.Debug|Any CPU.Build.0 = Debug|Any CPU
		{98E065CF-0530-453C-90E3-B2B3CD0FF629}.Release|Any CPU.ActiveCfg = Release|Any CPU
		{98E065CF-0530-453C-90E3-B2B3CD0FF629}.Release|Any CPU.Build.0 = Release|Any CPU
		{9795788F-5A88-4AF5-8182-88327C96752F}.Debug|Any CPU.ActiveCfg = Debug|Any CPU
		{9795788F-5A88-4AF5-8182-88327C96752F}.Debug|Any CPU.Build.0 = Debug|Any CPU
		{9795788F-5A88-4AF5-8182-88327C96752F}.Release|Any CPU.ActiveCfg = Release|Any CPU
		{9795788F-5A88-4AF5-8182-88327C96752F}.Release|Any CPU.Build.0 = Release|Any CPU
		{6D097061-AB6E-43FE-AB88-FC0E297FE11F}.Debug|Any CPU.ActiveCfg = Debug|Any CPU
		{6D097061-AB6E-43FE-AB88-FC0E297FE11F}.Debug|Any CPU.Build.0 = Debug|Any CPU
		{6D097061-AB6E-43FE-AB88-FC0E297FE11F}.Release|Any CPU.ActiveCfg = Release|Any CPU
		{6D097061-AB6E-43FE-AB88-FC0E297FE11F}.Release|Any CPU.Build.0 = Release|Any CPU
		{33A56A97-89EB-444D-877D-75C38F67F5AE}.Debug|Any CPU.ActiveCfg = Debug|Any CPU
		{33A56A97-89EB-444D-877D-75C38F67F5AE}.Debug|Any CPU.Build.0 = Debug|Any CPU
		{33A56A97-89EB-444D-877D-75C38F67F5AE}.Release|Any CPU.ActiveCfg = Release|Any CPU
		{33A56A97-89EB-444D-877D-75C38F67F5AE}.Release|Any CPU.Build.0 = Release|Any CPU
		{CF6DB760-065F-4177-B4E0-78B05321E25B}.Debug|Any CPU.ActiveCfg = Debug|Any CPU
		{CF6DB760-065F-4177-B4E0-78B05321E25B}.Debug|Any CPU.Build.0 = Debug|Any CPU
		{CF6DB760-065F-4177-B4E0-78B05321E25B}.Release|Any CPU.ActiveCfg = Release|Any CPU
		{CF6DB760-065F-4177-B4E0-78B05321E25B}.Release|Any CPU.Build.0 = Release|Any CPU
		{BB482018-07FD-43BF-A919-6EEAFBD44CB3}.Debug|Any CPU.ActiveCfg = Debug|Any CPU
		{BB482018-07FD-43BF-A919-6EEAFBD44CB3}.Debug|Any CPU.Build.0 = Debug|Any CPU
		{BB482018-07FD-43BF-A919-6EEAFBD44CB3}.Release|Any CPU.ActiveCfg = Release|Any CPU
		{BB482018-07FD-43BF-A919-6EEAFBD44CB3}.Release|Any CPU.Build.0 = Release|Any CPU
		{3F268E49-E3EE-43FA-9F09-731E359AF9B9}.Debug|Any CPU.ActiveCfg = Debug|Any CPU
		{3F268E49-E3EE-43FA-9F09-731E359AF9B9}.Debug|Any CPU.Build.0 = Debug|Any CPU
		{3F268E49-E3EE-43FA-9F09-731E359AF9B9}.Release|Any CPU.ActiveCfg = Release|Any CPU
		{3F268E49-E3EE-43FA-9F09-731E359AF9B9}.Release|Any CPU.Build.0 = Release|Any CPU
		{B33B89D5-1E01-4066-A264-4DE0B3AA9B3D}.Debug|Any CPU.ActiveCfg = Debug|Any CPU
		{B33B89D5-1E01-4066-A264-4DE0B3AA9B3D}.Debug|Any CPU.Build.0 = Debug|Any CPU
		{B33B89D5-1E01-4066-A264-4DE0B3AA9B3D}.Release|Any CPU.ActiveCfg = Release|Any CPU
		{B33B89D5-1E01-4066-A264-4DE0B3AA9B3D}.Release|Any CPU.Build.0 = Release|Any CPU
		{DDA6BEB3-B8C9-409A-AFD6-FB933AFD40CE}.Debug|Any CPU.ActiveCfg = Debug|Any CPU
		{DDA6BEB3-B8C9-409A-AFD6-FB933AFD40CE}.Debug|Any CPU.Build.0 = Debug|Any CPU
		{DDA6BEB3-B8C9-409A-AFD6-FB933AFD40CE}.Release|Any CPU.ActiveCfg = Release|Any CPU
		{DDA6BEB3-B8C9-409A-AFD6-FB933AFD40CE}.Release|Any CPU.Build.0 = Release|Any CPU
		{C48A3CA9-9BEE-4AF0-8478-5176179CDB39}.Debug|Any CPU.ActiveCfg = Debug|Any CPU
		{C48A3CA9-9BEE-4AF0-8478-5176179CDB39}.Debug|Any CPU.Build.0 = Debug|Any CPU
		{C48A3CA9-9BEE-4AF0-8478-5176179CDB39}.Release|Any CPU.ActiveCfg = Release|Any CPU
		{C48A3CA9-9BEE-4AF0-8478-5176179CDB39}.Release|Any CPU.Build.0 = Release|Any CPU
	EndGlobalSection
	GlobalSection(SolutionProperties) = preSolution
		HideSolutionNode = FALSE
	EndGlobalSection
	GlobalSection(NestedProjects) = preSolution
		{98E065CF-0530-453C-90E3-B2B3CD0FF629} = {6C2DAA68-DA58-496B-A55F-CE84FD828875}
		{9795788F-5A88-4AF5-8182-88327C96752F} = {6C2DAA68-DA58-496B-A55F-CE84FD828875}
		{6D097061-AB6E-43FE-AB88-FC0E297FE11F} = {6C2DAA68-DA58-496B-A55F-CE84FD828875}
		{33A56A97-89EB-444D-877D-75C38F67F5AE} = {6C2DAA68-DA58-496B-A55F-CE84FD828875}
		{CF6DB760-065F-4177-B4E0-78B05321E25B} = {6C2DAA68-DA58-496B-A55F-CE84FD828875}
		{BB482018-07FD-43BF-A919-6EEAFBD44CB3} = {6C2DAA68-DA58-496B-A55F-CE84FD828875}
		{3F268E49-E3EE-43FA-9F09-731E359AF9B9} = {6C2DAA68-DA58-496B-A55F-CE84FD828875}
		{B33B89D5-1E01-4066-A264-4DE0B3AA9B3D} = {6C2DAA68-DA58-496B-A55F-CE84FD828875}
		{DDA6BEB3-B8C9-409A-AFD6-FB933AFD40CE} = {6C2DAA68-DA58-496B-A55F-CE84FD828875}
		{C48A3CA9-9BEE-4AF0-8478-5176179CDB39} = {13535AFE-6FD3-4C8E-810B-EC183C47BD5B}
	EndGlobalSection
	GlobalSection(ExtensibilityGlobals) = postSolution
		SolutionGuid = {0EED77E1-89A5-432E-B0AC-88BFD82F8835}
	EndGlobalSection
EndGlobal
